{
  "name": "kotlin-toolkit",
  "lockfileVersion": 3,
  "requires": true,
  "packages": {
    "": {
      "dependencies": {
        "corepack": "^0.34.5"
      }
    },
    "node_modules/corepack": {
      "version": "0.34.5",
      "resolved": "https://registry.npmjs.org/corepack/-/corepack-0.34.5.tgz",
      "integrity": "sha512-G+ui7ZUxTzgwRc45pi7OhOybKFnGpxVDp0khf+eFdw/gcQmZfme4nUh4Z4URY9YPoaZYP86zNZmqV/T2Bf5/rA==",
      "license": "MIT",
      "bin": {
        "corepack": "dist/corepack.js",
        "pnpm": "dist/pnpm.js",
        "pnpx": "dist/pnpx.js",
        "yarn": "dist/yarn.js",
        "yarnpkg": "dist/yarnpkg.js"
      },
      "engines": {
        "node": "^20.10.0 || ^22.11.0 || >=24.0.0"
      }
    }
  }
}
